
Microsoft Visual Studio Solution File, Format Version 11.00
# Visual Studio Version 17

Project("{8BC9CEB8-8B4A-11D0-8D11-00A0C91BC942}") = "road network - App", "road network_App.vcxproj", "{1D6CFCD1-2BBC-FAA1-3225-0425D5CE7664}"
EndProject
Global
	GlobalSection(SolutionConfigurationPlatforms) = preSolution
		Debug|x64 = Debug|x64
		Release|x64 = Release|x64
	EndGlobalSection
	GlobalSection(ProjectConfigurationPlatforms) = postSolution
		{1D6CFCD1-2BBC-FAA1-3225-0425D5CE7664}.Debug|x64.ActiveCfg = Debug|x64
		{1D6CFCD1-2BBC-FAA1-3225-0425D5CE7664}.Debug|x64.Build.0 = Debug|x64
		{1D6CFCD1-2BBC-FAA1-3225-0425D5CE7664}.Release|x64.ActiveCfg = Release|x64
		{1D6CFCD1-2BBC-FAA1-3225-0425D5CE7664}.Release|x64.Build.0 = Release|x64
	EndGlobalSection
	GlobalSection(SolutionProperties) = preSolution
		HideSolutionNode = FALSE
	EndGlobalSection
EndGlobal
